# This file is automatically @generated by Cargo.
# It is not intended for manual editing.
version = 4

[[package]]
name = "exemplars"
version = "0.0.1"
dependencies = [
 "uuid",
]

[[package]]
name = "uuid"
version = "1.11.1"
source = "registry+https://github.com/rust-lang/crates.io-index"
checksum = "b913a3b5fe84142e269d63cc62b64319ccaf89b748fc31fe025177f767a756c4"
